{
  "requires": true,
  "lockfileVersion": 1,
  "dependencies": {
    "@angular/animations": {
      "version": "10.0.14",
      "resolved": "https://registry.npmjs.org/@angular/animations/-/animations-10.0.14.tgz",
      "integrity": "sha512-0BOGQOuaudIG0pq6FAnG55teKM7tEQZdIwdoOf0okhh9n0cFWSWRUjvUxWt25bWswlO+HxELyJioiRUvVSES4g==",
      "requires": {
        "tslib": "^2.0.0"
      }
    },
    "tslib": {
      "version": "2.0.1",
      "resolved": "https://registry.npmjs.org/tslib/-/tslib-2.0.1.tgz",
      "integrity": "sha512-SgIkNheinmEBgx1IUNirK0TUD4X9yjjBRTqqjggWCU3pUEqIk3/Uwl3yRixYKT6WjQuGiwDv4NomL3wqRCj+CQ=="
    }
  }
}
